PODS:
  - AvocarrotSDK (4.4.2)
  - mopub-ios-sdk (4.14.0):
    - mopub-ios-sdk/MoPubSDK (= 4.14.0)
  - mopub-ios-sdk/MoPubSDK (4.14.0)

DEPENDENCIES:
  - AvocarrotSDK
  - mopub-ios-sdk

SPEC CHECKSUMS:
  AvocarrotSDK: ffd4ebe641229def7c830723a724cd676c0f4bf1
  mopub-ios-sdk: 7f08192469c06842a9354d972db32acd18127ae0

PODFILE CHECKSUM: 98fcaf7970b6c5762f8a2ee23d086c2ba2df23cd

COCOAPODS: 1.2.1
