// !$*UTF8*$!
{
	archiveVersion = 1;
	classes = {
	};
	objectVersion = 46;
	objects = {

/* Begin PBXBuildFile section */
		100EA72A1D1145CF0086D858 /* AppDelegate.swift in Sources */ = {isa = PBXBuildFile; fileRef = 100EA7291D1145CF0086D858 /* AppDelegate.swift */; };
		100EA72C1D1145CF0086D858 /* ViewController.swift in Sources */ = {isa = PBXBuildFile; fileRef = 100EA72B1D1145CF0086D858 /* ViewController.swift */; };
		100EA72F1D1145CF0086D858 /* Main.storyboard in Resources */ = {isa = PBXBuildFile; fileRef = 100EA72D1D1145CF0086D858 /* Main.storyboard */; };
		100EA7311D1145CF0086D858 /* Assets.xcassets in Resources */ = {isa = PBXBuildFile; fileRef = 100EA7301D1145CF0086D858 /* Assets.xcassets */; };
		100EA7341D1145CF0086D858 /* LaunchScreen.storyboard in Resources */ = {isa = PBXBuildFile; fileRef = 100EA7321D1145CF0086D858 /* LaunchScreen.storyboard */; };
		105C6A011D88E789002486DD /* AvocarrotSDK.framework in Frameworks */ = {isa = PBXBuildFile; fileRef = 105C6A001D88E789002486DD /* AvocarrotSDK.framework */; };
		105C6A021D88E789002486DD /* AvocarrotSDK.framework in Embed Frameworks */ = {isa = PBXBuildFile; fileRef = 105C6A001D88E789002486DD /* AvocarrotSDK.framework */; settings = {ATTRIBUTES = (CodeSignOnCopy, RemoveHeadersOnCopy, ); }; };
		109B218D1D114B4400236060 /* AdTableCell.swift in Sources */ = {isa = PBXBuildFile; fileRef = 109B218C1D114B4400236060 /* AdTableCell.swift */; };
		109B21901D114FCC00236060 /* TableViewController.swift in Sources */ = {isa = PBXBuildFile; fileRef = 109B218F1D114FCC00236060 /* TableViewController.swift */; };
		109B21931D11504F00236060 /* SampleModel.swift in Sources */ = {isa = PBXBuildFile; fileRef = 109B21921D11504F00236060 /* SampleModel.swift */; };
		109B219F1D1157A600236060 /* NativeAdCell.swift in Sources */ = {isa = PBXBuildFile; fileRef = 109B219E1D1157A600236060 /* NativeAdCell.swift */; };
		109B21A11D11581500236060 /* NativeAdCell.xib in Resources */ = {isa = PBXBuildFile; fileRef = 109B21A01D11581500236060 /* NativeAdCell.xib */; };
		109B21A41D115A4F00236060 /* AvoCustomAdapter.swift in Sources */ = {isa = PBXBuildFile; fileRef = 109B21A21D115A4F00236060 /* AvoCustomAdapter.swift */; };
		109B21A51D115A4F00236060 /* AvoNativeCustomEvent.swift in Sources */ = {isa = PBXBuildFile; fileRef = 109B21A31D115A4F00236060 /* AvoNativeCustomEvent.swift */; };
		E40A4B3CD06990F2BA82919E /* Pods_ios_adapters.framework in Frameworks */ = {isa = PBXBuildFile; fileRef = 27B10EC3D6FF9801E9B13F48 /* Pods_ios_adapters.framework */; };
/* End PBXBuildFile section */

/* Begin PBXCopyFilesBuildPhase section */
		1010C3851D25634200CE6D13 /* Embed Frameworks */ = {
			isa = PBXCopyFilesBuildPhase;
			buildActionMask = 2147483647;
			dstPath = "";
			dstSubfolderSpec = 10;
			files = (
				105C6A021D88E789002486DD /* AvocarrotSDK.framework in Embed Frameworks */,
			);
			name = "Embed Frameworks";
			runOnlyForDeploymentPostprocessing = 0;
		};
/* End PBXCopyFilesBuildPhase section */

/* Begin PBXFileReference section */
		100EA7261D1145CF0086D858 /* ios-adapters.app */ = {isa = PBXFileReference; explicitFileType = wrapper.application; includeInIndex = 0; path = "ios-adapters.app"; sourceTree = BUILT_PRODUCTS_DIR; };
		100EA7291D1145CF0086D858 /* AppDelegate.swift */ = {isa = PBXFileReference; lastKnownFileType = sourcecode.swift; path = AppDelegate.swift; sourceTree = "<group>"; };
		100EA72B1D1145CF0086D858 /* ViewController.swift */ = {isa = PBXFileReference; lastKnownFileType = sourcecode.swift; path = ViewController.swift; sourceTree = "<group>"; };
		100EA72E1D1145CF0086D858 /* Base */ = {isa = PBXFileReference; lastKnownFileType = file.storyboard; name = Base; path = Base.lproj/Main.storyboard; sourceTree = "<group>"; };
		100EA7301D1145CF0086D858 /* Assets.xcassets */ = {isa = PBXFileReference; lastKnownFileType = folder.assetcatalog; path = Assets.xcassets; sourceTree = "<group>"; };
		100EA7331D1145CF0086D858 /* Base */ = {isa = PBXFileReference; lastKnownFileType = file.storyboard; name = Base; path = Base.lproj/LaunchScreen.storyboard; sourceTree = "<group>"; };
		100EA7351D1145CF0086D858 /* Info.plist */ = {isa = PBXFileReference; lastKnownFileType = text.plist.xml; path = Info.plist; sourceTree = "<group>"; };
		1010C3801D2561FA00CE6D13 /* AvocarrotSDK.framework */ = {isa = PBXFileReference; lastKnownFileType = wrapper.framework; path = AvocarrotSDK.framework; sourceTree = "<group>"; };
		105C6A001D88E789002486DD /* AvocarrotSDK.framework */ = {isa = PBXFileReference; lastKnownFileType = wrapper.framework; path = AvocarrotSDK.framework; sourceTree = "<group>"; };
		109B218C1D114B4400236060 /* AdTableCell.swift */ = {isa = PBXFileReference; fileEncoding = 4; lastKnownFileType = sourcecode.swift; path = AdTableCell.swift; sourceTree = "<group>"; };
		109B218F1D114FCC00236060 /* TableViewController.swift */ = {isa = PBXFileReference; fileEncoding = 4; lastKnownFileType = sourcecode.swift; path = TableViewController.swift; sourceTree = "<group>"; };
		109B21921D11504F00236060 /* SampleModel.swift */ = {isa = PBXFileReference; fileEncoding = 4; lastKnownFileType = sourcecode.swift; path = SampleModel.swift; sourceTree = "<group>"; };
		109B219E1D1157A600236060 /* NativeAdCell.swift */ = {isa = PBXFileReference; fileEncoding = 4; lastKnownFileType = sourcecode.swift; path = NativeAdCell.swift; sourceTree = "<group>"; };
		109B21A01D11581500236060 /* NativeAdCell.xib */ = {isa = PBXFileReference; fileEncoding = 4; lastKnownFileType = file.xib; path = NativeAdCell.xib; sourceTree = "<group>"; };
		109B21A21D115A4F00236060 /* AvoCustomAdapter.swift */ = {isa = PBXFileReference; fileEncoding = 4; lastKnownFileType = sourcecode.swift; path = AvoCustomAdapter.swift; sourceTree = "<group>"; };
		109B21A31D115A4F00236060 /* AvoNativeCustomEvent.swift */ = {isa = PBXFileReference; fileEncoding = 4; lastKnownFileType = sourcecode.swift; path = AvoNativeCustomEvent.swift; sourceTree = "<group>"; };
		27B10EC3D6FF9801E9B13F48 /* Pods_ios_adapters.framework */ = {isa = PBXFileReference; explicitFileType = wrapper.framework; includeInIndex = 0; path = Pods_ios_adapters.framework; sourceTree = BUILT_PRODUCTS_DIR; };
		5BFA8C3E4475D077B41815DB /* Pods-ios-adapters.release.xcconfig */ = {isa = PBXFileReference; includeInIndex = 1; lastKnownFileType = text.xcconfig; name = "Pods-ios-adapters.release.xcconfig"; path = "Pods/Target Support Files/Pods-ios-adapters/Pods-ios-adapters.release.xcconfig"; sourceTree = "<group>"; };
		D61AB2ED84F7C045377670C1 /* Pods-ios-adapters.debug.xcconfig */ = {isa = PBXFileReference; includeInIndex = 1; lastKnownFileType = text.xcconfig; name = "Pods-ios-adapters.debug.xcconfig"; path = "Pods/Target Support Files/Pods-ios-adapters/Pods-ios-adapters.debug.xcconfig"; sourceTree = "<group>"; };
/* End PBXFileReference section */

/* Begin PBXFrameworksBuildPhase section */
		100EA7231D1145CF0086D858 /* Frameworks */ = {
			isa = PBXFrameworksBuildPhase;
			buildActionMask = 2147483647;
			files = (
				E40A4B3CD06990F2BA82919E /* Pods_ios_adapters.framework in Frameworks */,
				105C6A011D88E789002486DD /* AvocarrotSDK.framework in Frameworks */,
			);
			runOnlyForDeploymentPostprocessing = 0;
		};
/* End PBXFrameworksBuildPhase section */

/* Begin PBXGroup section */
		100EA71D1D1145CF0086D858 = {
			isa = PBXGroup;
			children = (
				105C6A001D88E789002486DD /* AvocarrotSDK.framework */,
				100EA7281D1145CF0086D858 /* ios-adapters */,
				100EA7271D1145CF0086D858 /* Products */,
				B26E2850D63D0776674C59F6 /* Pods */,
				C68E3D484E26B3FA06EDC231 /* Frameworks */,
			);
			sourceTree = "<group>";
		};
		100EA7271D1145CF0086D858 /* Products */ = {
			isa = PBXGroup;
			children = (
				100EA7261D1145CF0086D858 /* ios-adapters.app */,
			);
			name = Products;
			sourceTree = "<group>";
		};
		100EA7281D1145CF0086D858 /* ios-adapters */ = {
			isa = PBXGroup;
			children = (
				109B21A21D115A4F00236060 /* AvoCustomAdapter.swift */,
				109B21A31D115A4F00236060 /* AvoNativeCustomEvent.swift */,
				100EA7291D1145CF0086D858 /* AppDelegate.swift */,
				100EA72B1D1145CF0086D858 /* ViewController.swift */,
				100EA72D1D1145CF0086D858 /* Main.storyboard */,
				100EA7301D1145CF0086D858 /* Assets.xcassets */,
				100EA7321D1145CF0086D858 /* LaunchScreen.storyboard */,
				100EA7351D1145CF0086D858 /* Info.plist */,
				109B218C1D114B4400236060 /* AdTableCell.swift */,
				109B218F1D114FCC00236060 /* TableViewController.swift */,
				109B21921D11504F00236060 /* SampleModel.swift */,
				109B219E1D1157A600236060 /* NativeAdCell.swift */,
				109B21A01D11581500236060 /* NativeAdCell.xib */,
			);
			path = "ios-adapters";
			sourceTree = "<group>";
		};
		B26E2850D63D0776674C59F6 /* Pods */ = {
			isa = PBXGroup;
			children = (
				D61AB2ED84F7C045377670C1 /* Pods-ios-adapters.debug.xcconfig */,
				5BFA8C3E4475D077B41815DB /* Pods-ios-adapters.release.xcconfig */,
			);
			name = Pods;
			sourceTree = "<group>";
		};
		C68E3D484E26B3FA06EDC231 /* Frameworks */ = {
			isa = PBXGroup;
			children = (
				1010C3801D2561FA00CE6D13 /* AvocarrotSDK.framework */,
				27B10EC3D6FF9801E9B13F48 /* Pods_ios_adapters.framework */,
			);
			name = Frameworks;
			sourceTree = "<group>";
		};
/* End PBXGroup section */

/* Begin PBXNativeTarget section */
		100EA7251D1145CF0086D858 /* ios-adapters */ = {
			isa = PBXNativeTarget;
			buildConfigurationList = 100EA7381D1145CF0086D858 /* Build configuration list for PBXNativeTarget "ios-adapters" */;
			buildPhases = (
				C79BAE064E8A3498BD6F5EB1 /* [CP] Check Pods Manifest.lock */,
				100EA7221D1145CF0086D858 /* Sources */,
				100EA7231D1145CF0086D858 /* Frameworks */,
				100EA7241D1145CF0086D858 /* Resources */,
				8A3293440F327171A3802DD1 /* [CP] Embed Pods Frameworks */,
				628019E0065682E83E1CC3F1 /* [CP] Copy Pods Resources */,
				1010C3851D25634200CE6D13 /* Embed Frameworks */,
			);
			buildRules = (
			);
			dependencies = (
			);
			name = "ios-adapters";
			productName = "ios-adapters";
			productReference = 100EA7261D1145CF0086D858 /* ios-adapters.app */;
			productType = "com.apple.product-type.application";
		};
/* End PBXNativeTarget section */

/* Begin PBXProject section */
		100EA71E1D1145CF0086D858 /* Project object */ = {
			isa = PBXProject;
			attributes = {
				LastSwiftUpdateCheck = 0730;
				LastUpgradeCheck = 0730;
				ORGANIZATIONNAME = Avocarrot;
				TargetAttributes = {
					100EA7251D1145CF0086D858 = {
						CreatedOnToolsVersion = 7.3.1;
						DevelopmentTeam = EH45XCXFQM;
						LastSwiftMigration = 0820;
					};
				};
			};
			buildConfigurationList = 100EA7211D1145CF0086D858 /* Build configuration list for PBXProject "ios-adapters" */;
			compatibilityVersion = "Xcode 3.2";
			developmentRegion = English;
			hasScannedForEncodings = 0;
			knownRegions = (
				en,
				Base,
			);
			mainGroup = 100EA71D1D1145CF0086D858;
			productRefGroup = 100EA7271D1145CF0086D858 /* Products */;
			projectDirPath = "";
			projectRoot = "";
			targets = (
				100EA7251D1145CF0086D858 /* ios-adapters */,
			);
		};
/* End PBXProject section */

/* Begin PBXResourcesBuildPhase section */
		100EA7241D1145CF0086D858 /* Resources */ = {
			isa = PBXResourcesBuildPhase;
			buildActionMask = 2147483647;
			files = (
				100EA7341D1145CF0086D858 /* LaunchScreen.storyboard in Resources */,
				109B21A11D11581500236060 /* NativeAdCell.xib in Resources */,
				100EA7311D1145CF0086D858 /* Assets.xcassets in Resources */,
				100EA72F1D1145CF0086D858 /* Main.storyboard in Resources */,
			);
			runOnlyForDeploymentPostprocessing = 0;
		};
/* End PBXResourcesBuildPhase section */

/* Begin PBXShellScriptBuildPhase section */
		628019E0065682E83E1CC3F1 /* [CP] Copy Pods Resources */ = {
			isa = PBXShellScriptBuildPhase;
			buildActionMask = 2147483647;
			files = (
			);
			inputPaths = (
			);
			name = "[CP] Copy Pods Resources";
			outputPaths = (
			);
			runOnlyForDeploymentPostprocessing = 0;
			shellPath = /bin/sh;
			shellScript = "\"${SRCROOT}/Pods/Target Support Files/Pods-ios-adapters/Pods-ios-adapters-resources.sh\"\n";
			showEnvVarsInLog = 0;
		};
		8A3293440F327171A3802DD1 /* [CP] Embed Pods Frameworks */ = {
			isa = PBXShellScriptBuildPhase;
			buildActionMask = 2147483647;
			files = (
			);
			inputPaths = (
			);
			name = "[CP] Embed Pods Frameworks";
			outputPaths = (
			);
			runOnlyForDeploymentPostprocessing = 0;
			shellPath = /bin/sh;
			shellScript = "\"${SRCROOT}/Pods/Target Support Files/Pods-ios-adapters/Pods-ios-adapters-frameworks.sh\"\n";
			showEnvVarsInLog = 0;
		};
		C79BAE064E8A3498BD6F5EB1 /* [CP] Check Pods Manifest.lock */ = {
			isa = PBXShellScriptBuildPhase;
			buildActionMask = 2147483647;
			files = (
			);
			inputPaths = (
			);
			name = "[CP] Check Pods Manifest.lock";
			outputPaths = (
			);
			runOnlyForDeploymentPostprocessing = 0;
			shellPath = /bin/sh;
			shellScript = "diff \"${PODS_ROOT}/../Podfile.lock\" \"${PODS_ROOT}/Manifest.lock\" > /dev/null\nif [ $? != 0 ] ; then\n    # print error to STDERR\n    echo \"error: The sandbox is not in sync with the Podfile.lock. Run 'pod install' or update your CocoaPods installation.\" >&2\n    exit 1\nfi\n";
			showEnvVarsInLog = 0;
		};
/* End PBXShellScriptBuildPhase section */

/* Begin PBXSourcesBuildPhase section */
		100EA7221D1145CF0086D858 /* Sources */ = {
			isa = PBXSourcesBuildPhase;
			buildActionMask = 2147483647;
			files = (
				100EA72C1D1145CF0086D858 /* ViewController.swift in Sources */,
				109B21A41D115A4F00236060 /* AvoCustomAdapter.swift in Sources */,
				109B219F1D1157A600236060 /* NativeAdCell.swift in Sources */,
				109B21931D11504F00236060 /* SampleModel.swift in Sources */,
				100EA72A1D1145CF0086D858 /* AppDelegate.swift in Sources */,
				109B218D1D114B4400236060 /* AdTableCell.swift in Sources */,
				109B21901D114FCC00236060 /* TableViewController.swift in Sources */,
				109B21A51D115A4F00236060 /* AvoNativeCustomEvent.swift in Sources */,
			);
			runOnlyForDeploymentPostprocessing = 0;
		};
/* End PBXSourcesBuildPhase section */

/* Begin PBXVariantGroup section */
		100EA72D1D1145CF0086D858 /* Main.storyboard */ = {
			isa = PBXVariantGroup;
			children = (
				100EA72E1D1145CF0086D858 /* Base */,
			);
			name = Main.storyboard;
			sourceTree = "<group>";
		};
		100EA7321D1145CF0086D858 /* LaunchScreen.storyboard */ = {
			isa = PBXVariantGroup;
			children = (
				100EA7331D1145CF0086D858 /* Base */,
			);
			name = LaunchScreen.storyboard;
			sourceTree = "<group>";
		};
/* End PBXVariantGroup section */

/* Begin XCBuildConfiguration section */
		100EA7361D1145CF0086D858 /* Debug */ = {
			isa = XCBuildConfiguration;
			buildSettings = {
				ALWAYS_SEARCH_USER_PATHS = NO;
				CLANG_ANALYZER_NONNULL = YES;
				CLANG_CXX_LANGUAGE_STANDARD = "gnu++0x";
				CLANG_CXX_LIBRARY = "libc++";
				CLANG_ENABLE_MODULES = YES;
				CLANG_ENABLE_OBJC_ARC = YES;
				CLANG_WARN_BOOL_CONVERSION = YES;
				CLANG_WARN_CONSTANT_CONVERSION = YES;
				CLANG_WARN_DIRECT_OBJC_ISA_USAGE = YES_ERROR;
				CLANG_WARN_EMPTY_BODY = YES;
				CLANG_WARN_ENUM_CONVERSION = YES;
				CLANG_WARN_INT_CONVERSION = YES;
				CLANG_WARN_OBJC_ROOT_CLASS = YES_ERROR;
				CLANG_WARN_UNREACHABLE_CODE = YES;
				CLANG_WARN__DUPLICATE_METHOD_MATCH = YES;
				"CODE_SIGN_IDENTITY[sdk=iphoneos*]" = "iPhone Developer";
				COPY_PHASE_STRIP = NO;
				DEBUG_INFORMATION_FORMAT = dwarf;
				ENABLE_STRICT_OBJC_MSGSEND = YES;
				ENABLE_TESTABILITY = YES;
				GCC_C_LANGUAGE_STANDARD = gnu99;
				GCC_DYNAMIC_NO_PIC = NO;
				GCC_NO_COMMON_BLOCKS = YES;
				GCC_OPTIMIZATION_LEVEL = 0;
				GCC_PREPROCESSOR_DEFINITIONS = (
					"DEBUG=1",
					"$(inherited)",
				);
				GCC_WARN_64_TO_32_BIT_CONVERSION = YES;
				GCC_WARN_ABOUT_RETURN_TYPE = YES_ERROR;
				GCC_WARN_UNDECLARED_SELECTOR = YES;
				GCC_WARN_UNINITIALIZED_AUTOS = YES_AGGRESSIVE;
				GCC_WARN_UNUSED_FUNCTION = YES;
				GCC_WARN_UNUSED_VARIABLE = YES;
				IPHONEOS_DEPLOYMENT_TARGET = 9.3;
				MTL_ENABLE_DEBUG_INFO = YES;
				ONLY_ACTIVE_ARCH = YES;
				SDKROOT = iphoneos;
				SWIFT_OPTIMIZATION_LEVEL = "-Onone";
				TARGETED_DEVICE_FAMILY = "1,2";
			};
			name = Debug;
		};
		100EA7371D1145CF0086D858 /* Release */ = {
			isa = XCBuildConfiguration;
			buildSettings = {
				ALWAYS_SEARCH_USER_PATHS = NO;
				CLANG_ANALYZER_NONNULL = YES;
				CLANG_CXX_LANGUAGE_STANDARD = "gnu++0x";
				CLANG_CXX_LIBRARY = "libc++";
				CLANG_ENABLE_MODULES = YES;
				CLANG_ENABLE_OBJC_ARC = YES;
				CLANG_WARN_BOOL_CONVERSION = YES;
				CLANG_WARN_CONSTANT_CONVERSION = YES;
				CLANG_WARN_DIRECT_OBJC_ISA_USAGE = YES_ERROR;
				CLANG_WARN_EMPTY_BODY = YES;
				CLANG_WARN_ENUM_CONVERSION = YES;
				CLANG_WARN_INT_CONVERSION = YES;
				CLANG_WARN_OBJC_ROOT_CLASS = YES_ERROR;
				CLANG_WARN_UNREACHABLE_CODE = YES;
				CLANG_WARN__DUPLICATE_METHOD_MATCH = YES;
				"CODE_SIGN_IDENTITY[sdk=iphoneos*]" = "iPhone Developer";
				COPY_PHASE_STRIP = NO;
				DEBUG_INFORMATION_FORMAT = "dwarf-with-dsym";
				ENABLE_NS_ASSERTIONS = NO;
				ENABLE_STRICT_OBJC_MSGSEND = YES;
				GCC_C_LANGUAGE_STANDARD = gnu99;
				GCC_NO_COMMON_BLOCKS = YES;
				GCC_WARN_64_TO_32_BIT_CONVERSION = YES;
				GCC_WARN_ABOUT_RETURN_TYPE = YES_ERROR;
				GCC_WARN_UNDECLARED_SELECTOR = YES;
				GCC_WARN_UNINITIALIZED_AUTOS = YES_AGGRESSIVE;
				GCC_WARN_UNUSED_FUNCTION = YES;
				GCC_WARN_UNUSED_VARIABLE = YES;
				IPHONEOS_DEPLOYMENT_TARGET = 9.3;
				MTL_ENABLE_DEBUG_INFO = NO;
				SDKROOT = iphoneos;
				TARGETED_DEVICE_FAMILY = "1,2";
				VALIDATE_PRODUCT = YES;
			};
			name = Release;
		};
		100EA7391D1145CF0086D858 /* Debug */ = {
			isa = XCBuildConfiguration;
			baseConfigurationReference = D61AB2ED84F7C045377670C1 /* Pods-ios-adapters.debug.xcconfig */;
			buildSettings = {
				ASSETCATALOG_COMPILER_APPICON_NAME = AppIcon;
				CODE_SIGN_IDENTITY = "iPhone Developer";
				"CODE_SIGN_IDENTITY[sdk=iphoneos*]" = "iPhone Developer";
				FRAMEWORK_SEARCH_PATHS = (
					"$(inherited)",
					"$(PROJECT_DIR)",
				);
				INFOPLIST_FILE = "ios-adapters/Info.plist";
				IPHONEOS_DEPLOYMENT_TARGET = 9.2;
				LD_RUNPATH_SEARCH_PATHS = "$(inherited) @executable_path/Frameworks";
				PRODUCT_BUNDLE_IDENTIFIER = "avocarrot.com.ios-adapters";
				PRODUCT_NAME = "$(TARGET_NAME)";
				PROVISIONING_PROFILE = "";
				SWIFT_VERSION = 3.0;
			};
			name = Debug;
		};
		100EA73A1D1145CF0086D858 /* Release */ = {
			isa = XCBuildConfiguration;
			baseConfigurationReference = 5BFA8C3E4475D077B41815DB /* Pods-ios-adapters.release.xcconfig */;
			buildSettings = {
				ASSETCATALOG_COMPILER_APPICON_NAME = AppIcon;
				CODE_SIGN_IDENTITY = "iPhone Developer";
				"CODE_SIGN_IDENTITY[sdk=iphoneos*]" = "iPhone Developer";
				ENABLE_TESTABILITY = NO;
				FRAMEWORK_SEARCH_PATHS = (
					"$(inherited)",
					"$(PROJECT_DIR)",
				);
				INFOPLIST_FILE = "ios-adapters/Info.plist";
				IPHONEOS_DEPLOYMENT_TARGET = 9.2;
				LD_RUNPATH_SEARCH_PATHS = "$(inherited) @executable_path/Frameworks";
				ONLY_ACTIVE_ARCH = NO;
				PRODUCT_BUNDLE_IDENTIFIER = "avocarrot.com.ios-adapters";
				PRODUCT_NAME = "$(TARGET_NAME)";
				PROVISIONING_PROFILE = "";
				SWIFT_VERSION = 3.0;
			};
			name = Release;
		};
/* End XCBuildConfiguration section */

/* Begin XCConfigurationList section */
		100EA7211D1145CF0086D858 /* Build configuration list for PBXProject "ios-adapters" */ = {
			isa = XCConfigurationList;
			buildConfigurations = (
				100EA7361D1145CF0086D858 /* Debug */,
				100EA7371D1145CF0086D858 /* Release */,
			);
			defaultConfigurationIsVisible = 0;
			defaultConfigurationName = Release;
		};
		100EA7381D1145CF0086D858 /* Build configuration list for PBXNativeTarget "ios-adapters" */ = {
			isa = XCConfigurationList;
			buildConfigurations = (
				100EA7391D1145CF0086D858 /* Debug */,
				100EA73A1D1145CF0086D858 /* Release */,
			);
			defaultConfigurationIsVisible = 0;
			defaultConfigurationName = Release;
		};
/* End XCConfigurationList section */
	};
	rootObject = 100EA71E1D1145CF0086D858 /* Project object */;
}
